
Microsoft Visual Studio Solution File, Format Version 12.00
# Visual Studio Version 17
VisualStudioVersion = 17.11.35327.3
MinimumVisualStudioVersion = 10.0.40219.1
Project("{9A19103F-16F7-4668-BE54-9A1E7A4F7556}") = "nuLearn_ApiGateway", "nuLearn_Api\nuLearn_ApiGateway.csproj", "{092998BA-4752-43F3-AC62-D545A277AB60}"
EndProject
Project("{2150E333-8FDC-42A3-9474-1A3956D46DE8}") = "services", "services", "{A0A63945-12FA-47E7-B5EB-4C963E352D5F}"
EndProject
Project("{2150E333-8FDC-42A3-9474-1A3956D46DE8}") = "AuthenticationService", "AuthenticationService", "{09EBCABC-D92C-4926-873E-EB0DE04C1F8C}"
EndProject
Project("{2150E333-8FDC-42A3-9474-1A3956D46DE8}") = "CourseService", "CourseService", "{C767EBC5-6266-4CDB-B045-5FF716533212}"
EndProject
Project("{2150E333-8FDC-42A3-9474-1A3956D46DE8}") = "PaymentService", "PaymentService", "{E3AC1ADD-B49F-4389-8026-DEEB29953D97}"
EndProject
Project("{9A19103F-16F7-4668-BE54-9A1E7A4F7556}") = "AuthenticationService.Api", "AuthenticationService.Api\AuthenticationService.Api.csproj", "{6A82F057-9265-4F1C-8496-991C03837450}"
EndProject
Project("{9A19103F-16F7-4668-BE54-9A1E7A4F7556}") = "CourseService.Api", "CourseService.Api\CourseService.Api.csproj", "{2549558B-D91F-49B7-AFA9-2AFC31EAE845}"
EndProject
Project("{9A19103F-16F7-4668-BE54-9A1E7A4F7556}") = "PaymentService.Api", "PaymentService.Api\PaymentService.Api.csproj", "{BC015320-448E-4531-ADD8-10C94688FBA0}"
EndProject
Project("{9A19103F-16F7-4668-BE54-9A1E7A4F7556}") = "AuthenticationService.Application", "AuthenticationService.Application\AuthenticationService.Application.csproj", "{D0A32F51-0693-43B9-847A-472D7672CBB4}"
EndProject
Project("{9A19103F-16F7-4668-BE54-9A1E7A4F7556}") = "AuthenticationService.Domain", "AuthenticationService.Domain\AuthenticationService.Domain.csproj", "{A063B853-071D-479F-A1FC-0326BEF99147}"
EndProject
Project("{9A19103F-16F7-4668-BE54-9A1E7A4F7556}") = "AuthenticationService.Infrastructure", "AuthenticationService.Infrastructure\AuthenticationService.Infrastructure.csproj", "{75906062-D775-4446-97FD-1165D326D97A}"
EndProject
Project("{9A19103F-16F7-4668-BE54-9A1E7A4F7556}") = "CourseService.Application", "CourseService.Application\CourseService.Application.csproj", "{8732B4BD-5AA0-40F9-A3F5-D558B92B554F}"
EndProject
Project("{9A19103F-16F7-4668-BE54-9A1E7A4F7556}") = "CourseService.Domain", "CourseService.Domain\CourseService.Domain.csproj", "{459B03E1-BD5E-4259-A143-0FFB4C950122}"
EndProject
Project("{9A19103F-16F7-4668-BE54-9A1E7A4F7556}") = "CourseService.Infrastructure", "CourseService.Infrastructure\CourseService.Infrastructure.csproj", "{3914478D-340E-41BA-B4A2-715CBE8A4FDE}"
EndProject
Project("{9A19103F-16F7-4668-BE54-9A1E7A4F7556}") = "PaymentService.Application", "PaymentService.Application\PaymentService.Application.csproj", "{6047F37B-338B-4FAC-95D0-A45F1FA12537}"
EndProject
Project("{9A19103F-16F7-4668-BE54-9A1E7A4F7556}") = "PaymentService.Domain", "PaymentService.Domain\PaymentService.Domain.csproj", "{E2E8850C-EE34-489E-8225-D8FD37759E8E}"
EndProject
Project("{9A19103F-16F7-4668-BE54-9A1E7A4F7556}") = "PaymentService.Infrastructure", "PaymentService.Infrastructure\PaymentService.Infrastructure.csproj", "{CAFE2675-47BF-472F-BC35-0C2D6E4D75E5}"
EndProject
Project("{2150E333-8FDC-42A3-9474-1A3956D46DE8}") = "Solution Items", "Solution Items", "{193F74F9-391C-42E1-8ADF-1E71440083AA}"
	ProjectSection(SolutionItems) = preProject
		.editorconfig = .editorconfig
	EndProjectSection
EndProject
Global
	GlobalSection(SolutionConfigurationPlatforms) = preSolution
		Debug|Any CPU = Debug|Any CPU
		Release|Any CPU = Release|Any CPU
	EndGlobalSection
	GlobalSection(ProjectConfigurationPlatforms) = postSolution
		{092998BA-4752-43F3-AC62-D545A277AB60}.Debug|Any CPU.ActiveCfg = Debug|Any CPU
		{092998BA-4752-43F3-AC62-D545A277AB60}.Debug|Any CPU.Build.0 = Debug|Any CPU
		{092998BA-4752-43F3-AC62-D545A277AB60}.Release|Any CPU.ActiveCfg = Release|Any CPU
		{092998BA-4752-43F3-AC62-D545A277AB60}.Release|Any CPU.Build.0 = Release|Any CPU
		{6A82F057-9265-4F1C-8496-991C03837450}.Debug|Any CPU.ActiveCfg = Debug|Any CPU
		{6A82F057-9265-4F1C-8496-991C03837450}.Debug|Any CPU.Build.0 = Debug|Any CPU
		{6A82F057-9265-4F1C-8496-991C03837450}.Release|Any CPU.ActiveCfg = Release|Any CPU
		{6A82F057-9265-4F1C-8496-991C03837450}.Release|Any CPU.Build.0 = Release|Any CPU
		{2549558B-D91F-49B7-AFA9-2AFC31EAE845}.Debug|Any CPU.ActiveCfg = Debug|Any CPU
		{2549558B-D91F-49B7-AFA9-2AFC31EAE845}.Debug|Any CPU.Build.0 = Debug|Any CPU
		{2549558B-D91F-49B7-AFA9-2AFC31EAE845}.Release|Any CPU.ActiveCfg = Release|Any CPU
		{2549558B-D91F-49B7-AFA9-2AFC31EAE845}.Release|Any CPU.Build.0 = Release|Any CPU
		{BC015320-448E-4531-ADD8-10C94688FBA0}.Debug|Any CPU.ActiveCfg = Debug|Any CPU
		{BC015320-448E-4531-ADD8-10C94688FBA0}.Debug|Any CPU.Build.0 = Debug|Any CPU
		{BC015320-448E-4531-ADD8-10C94688FBA0}.Release|Any CPU.ActiveCfg = Release|Any CPU
		{BC015320-448E-4531-ADD8-10C94688FBA0}.Release|Any CPU.Build.0 = Release|Any CPU
		{D0A32F51-0693-43B9-847A-472D7672CBB4}.Debug|Any CPU.ActiveCfg = Debug|Any CPU
		{D0A32F51-0693-43B9-847A-472D7672CBB4}.Debug|Any CPU.Build.0 = Debug|Any CPU
		{D0A32F51-0693-43B9-847A-472D7672CBB4}.Release|Any CPU.ActiveCfg = Release|Any CPU
		{D0A32F51-0693-43B9-847A-472D7672CBB4}.Release|Any CPU.Build.0 = Release|Any CPU
		{A063B853-071D-479F-A1FC-0326BEF99147}.Debug|Any CPU.ActiveCfg = Debug|Any CPU
		{A063B853-071D-479F-A1FC-0326BEF99147}.Debug|Any CPU.Build.0 = Debug|Any CPU
		{A063B853-071D-479F-A1FC-0326BEF99147}.Release|Any CPU.ActiveCfg = Release|Any CPU
		{A063B853-071D-479F-A1FC-0326BEF99147}.Release|Any CPU.Build.0 = Release|Any CPU
		{75906062-D775-4446-97FD-1165D326D97A}.Debug|Any CPU.ActiveCfg = Debug|Any CPU
		{75906062-D775-4446-97FD-1165D326D97A}.Debug|Any CPU.Build.0 = Debug|Any CPU
		{75906062-D775-4446-97FD-1165D326D97A}.Release|Any CPU.ActiveCfg = Release|Any CPU
		{75906062-D775-4446-97FD-1165D326D97A}.Release|Any CPU.Build.0 = Release|Any CPU
		{8732B4BD-5AA0-40F9-A3F5-D558B92B554F}.Debug|Any CPU.ActiveCfg = Debug|Any CPU
		{8732B4BD-5AA0-40F9-A3F5-D558B92B554F}.Debug|Any CPU.Build.0 = Debug|Any CPU
		{8732B4BD-5AA0-40F9-A3F5-D558B92B554F}.Release|Any CPU.ActiveCfg = Release|Any CPU
		{8732B4BD-5AA0-40F9-A3F5-D558B92B554F}.Release|Any CPU.Build.0 = Release|Any CPU
		{459B03E1-BD5E-4259-A143-0FFB4C950122}.Debug|Any CPU.ActiveCfg = Debug|Any CPU
		{459B03E1-BD5E-4259-A143-0FFB4C950122}.Debug|Any CPU.Build.0 = Debug|Any CPU
		{459B03E1-BD5E-4259-A143-0FFB4C950122}.Release|Any CPU.ActiveCfg = Release|Any CPU
		{459B03E1-BD5E-4259-A143-0FFB4C950122}.Release|Any CPU.Build.0 = Release|Any CPU
		{3914478D-340E-41BA-B4A2-715CBE8A4FDE}.Debug|Any CPU.ActiveCfg = Debug|Any CPU
		{3914478D-340E-41BA-B4A2-715CBE8A4FDE}.Debug|Any CPU.Build.0 = Debug|Any CPU
		{3914478D-340E-41BA-B4A2-715CBE8A4FDE}.Release|Any CPU.ActiveCfg = Release|Any CPU
		{3914478D-340E-41BA-B4A2-715CBE8A4FDE}.Release|Any CPU.Build.0 = Release|Any CPU
		{6047F37B-338B-4FAC-95D0-A45F1FA12537}.Debug|Any CPU.ActiveCfg = Debug|Any CPU
		{6047F37B-338B-4FAC-95D0-A45F1FA12537}.Debug|Any CPU.Build.0 = Debug|Any CPU
		{6047F37B-338B-4FAC-95D0-A45F1FA12537}.Release|Any CPU.ActiveCfg = Release|Any CPU
		{6047F37B-338B-4FAC-95D0-A45F1FA12537}.Release|Any CPU.Build.0 = Release|Any CPU
		{E2E8850C-EE34-489E-8225-D8FD37759E8E}.Debug|Any CPU.ActiveCfg = Debug|Any CPU
		{E2E8850C-EE34-489E-8225-D8FD37759E8E}.Debug|Any CPU.Build.0 = Debug|Any CPU
		{E2E8850C-EE34-489E-8225-D8FD37759E8E}.Release|Any CPU.ActiveCfg = Release|Any CPU
		{E2E8850C-EE34-489E-8225-D8FD37759E8E}.Release|Any CPU.Build.0 = Release|Any CPU
		{CAFE2675-47BF-472F-BC35-0C2D6E4D75E5}.Debug|Any CPU.ActiveCfg = Debug|Any CPU
		{CAFE2675-47BF-472F-BC35-0C2D6E4D75E5}.Debug|Any CPU.Build.0 = Debug|Any CPU
		{CAFE2675-47BF-472F-BC35-0C2D6E4D75E5}.Release|Any CPU.ActiveCfg = Release|Any CPU
		{CAFE2675-47BF-472F-BC35-0C2D6E4D75E5}.Release|Any CPU.Build.0 = Release|Any CPU
	EndGlobalSection
	GlobalSection(SolutionProperties) = preSolution
		HideSolutionNode = FALSE
	EndGlobalSection
	GlobalSection(NestedProjects) = preSolution
		{09EBCABC-D92C-4926-873E-EB0DE04C1F8C} = {A0A63945-12FA-47E7-B5EB-4C963E352D5F}
		{C767EBC5-6266-4CDB-B045-5FF716533212} = {A0A63945-12FA-47E7-B5EB-4C963E352D5F}
		{E3AC1ADD-B49F-4389-8026-DEEB29953D97} = {A0A63945-12FA-47E7-B5EB-4C963E352D5F}
		{6A82F057-9265-4F1C-8496-991C03837450} = {09EBCABC-D92C-4926-873E-EB0DE04C1F8C}
		{2549558B-D91F-49B7-AFA9-2AFC31EAE845} = {C767EBC5-6266-4CDB-B045-5FF716533212}
		{BC015320-448E-4531-ADD8-10C94688FBA0} = {E3AC1ADD-B49F-4389-8026-DEEB29953D97}
		{D0A32F51-0693-43B9-847A-472D7672CBB4} = {09EBCABC-D92C-4926-873E-EB0DE04C1F8C}
		{A063B853-071D-479F-A1FC-0326BEF99147} = {09EBCABC-D92C-4926-873E-EB0DE04C1F8C}
		{75906062-D775-4446-97FD-1165D326D97A} = {09EBCABC-D92C-4926-873E-EB0DE04C1F8C}
		{8732B4BD-5AA0-40F9-A3F5-D558B92B554F} = {C767EBC5-6266-4CDB-B045-5FF716533212}
		{459B03E1-BD5E-4259-A143-0FFB4C950122} = {C767EBC5-6266-4CDB-B045-5FF716533212}
		{3914478D-340E-41BA-B4A2-715CBE8A4FDE} = {C767EBC5-6266-4CDB-B045-5FF716533212}
		{6047F37B-338B-4FAC-95D0-A45F1FA12537} = {E3AC1ADD-B49F-4389-8026-DEEB29953D97}
		{E2E8850C-EE34-489E-8225-D8FD37759E8E} = {E3AC1ADD-B49F-4389-8026-DEEB29953D97}
		{CAFE2675-47BF-472F-BC35-0C2D6E4D75E5} = {E3AC1ADD-B49F-4389-8026-DEEB29953D97}
	EndGlobalSection
	GlobalSection(ExtensibilityGlobals) = postSolution
		SolutionGuid = {BCE72FB8-1123-4E2F-9F80-D30D311549B9}
	EndGlobalSection
EndGlobal
