
Microsoft Visual Studio Solution File, Format Version 12.00
# Visual Studio Version 17
VisualStudioVersion = 17.11.35327.3
MinimumVisualStudioVersion = 10.0.40219.1
Project("{9A19103F-16F7-4668-BE54-9A1E7A4F7556}") = "nuLearn_ApiGateway", "nuLearn_Api\nuLearn_ApiGateway.csproj", "{092998BA-4752-43F3-AC62-D545A277AB60}"
EndProject
Project("{2150E333-8FDC-42A3-9474-1A3956D46DE8}") = "services", "services", "{A0A63945-12FA-47E7-B5EB-4C963E352D5F}"
EndProject
Project("{2150E333-8FDC-42A3-9474-1A3956D46DE8}") = "CourseService", "CourseService", "{C767EBC5-6266-4CDB-B045-5FF716533212}"
EndProject
Project("{2150E333-8FDC-42A3-9474-1A3956D46DE8}") = "PaymentService", "PaymentService", "{E3AC1ADD-B49F-4389-8026-DEEB29953D97}"
EndProject
Project("{9A19103F-16F7-4668-BE54-9A1E7A4F7556}") = "CourseService.Api", "CourseService.Api\CourseService.Api.csproj", "{2549558B-D91F-49B7-AFA9-2AFC31EAE845}"
EndProject
Project("{9A19103F-16F7-4668-BE54-9A1E7A4F7556}") = "PaymentService.Api", "PaymentService.Api\PaymentService.Api.csproj", "{BC015320-448E-4531-ADD8-10C94688FBA0}"
EndProject
Project("{9A19103F-16F7-4668-BE54-9A1E7A4F7556}") = "CourseService.Application", "CourseService.Application\CourseService.Application.csproj", "{8732B4BD-5AA0-40F9-A3F5-D558B92B554F}"
EndProject
Project("{9A19103F-16F7-4668-BE54-9A1E7A4F7556}") = "CourseService.Domain", "CourseService.Domain\CourseService.Domain.csproj", "{459B03E1-BD5E-4259-A143-0FFB4C950122}"
EndProject
Project("{9A19103F-16F7-4668-BE54-9A1E7A4F7556}") = "CourseService.Infrastructure", "CourseService.Infrastructure\CourseService.Infrastructure.csproj", "{3914478D-340E-41BA-B4A2-715CBE8A4FDE}"
EndProject
Project("{9A19103F-16F7-4668-BE54-9A1E7A4F7556}") = "PaymentService.Application", "PaymentService.Application\PaymentService.Application.csproj", "{6047F37B-338B-4FAC-95D0-A45F1FA12537}"
EndProject
Project("{9A19103F-16F7-4668-BE54-9A1E7A4F7556}") = "PaymentService.Domain", "PaymentService.Domain\PaymentService.Domain.csproj", "{E2E8850C-EE34-489E-8225-D8FD37759E8E}"
EndProject
Project("{9A19103F-16F7-4668-BE54-9A1E7A4F7556}") = "PaymentService.Infrastructure", "PaymentService.Infrastructure\PaymentService.Infrastructure.csproj", "{CAFE2675-47BF-472F-BC35-0C2D6E4D75E5}"
EndProject
Project("{2150E333-8FDC-42A3-9474-1A3956D46DE8}") = "UserService", "UserService", "{3C3C379D-E53B-4B52-ACDE-BD9DBFD41EFF}"
EndProject
Project("{9A19103F-16F7-4668-BE54-9A1E7A4F7556}") = "UserService.Api", "UserService.Api\UserService.Api.csproj", "{14906ABE-E0A9-4E3F-A98E-42618CBAABAB}"
EndProject
Project("{9A19103F-16F7-4668-BE54-9A1E7A4F7556}") = "UserService.Application", "UserService.Application\UserService.Application.csproj", "{73486296-BA0E-40F9-885C-5302F0593446}"
EndProject
Project("{9A19103F-16F7-4668-BE54-9A1E7A4F7556}") = "UserService.Domain", "UserService.Domain\UserService.Domain.csproj", "{8D031F82-A23F-4050-9501-7D2B8833300B}"
EndProject
Project("{9A19103F-16F7-4668-BE54-9A1E7A4F7556}") = "UserService.Infrastructure", "UserService.Infrastructure\UserService.Infrastructure.csproj", "{A472D576-52F5-46D2-8952-552CD860AD68}"
EndProject
Project("{FAE04EC0-301F-11D3-BF4B-00C04F79EFBC}") = "Contracts", "Contracts\Contracts.csproj", "{4B067AC4-09F2-4732-A496-57056654CDE7}"
EndProject
Global
	GlobalSection(SolutionConfigurationPlatforms) = preSolution
		Debug|Any CPU = Debug|Any CPU
		Release|Any CPU = Release|Any CPU
	EndGlobalSection
	GlobalSection(ProjectConfigurationPlatforms) = postSolution
		{092998BA-4752-43F3-AC62-D545A277AB60}.Debug|Any CPU.ActiveCfg = Debug|Any CPU
		{092998BA-4752-43F3-AC62-D545A277AB60}.Debug|Any CPU.Build.0 = Debug|Any CPU
		{092998BA-4752-43F3-AC62-D545A277AB60}.Release|Any CPU.ActiveCfg = Release|Any CPU
		{092998BA-4752-43F3-AC62-D545A277AB60}.Release|Any CPU.Build.0 = Release|Any CPU
		{2549558B-D91F-49B7-AFA9-2AFC31EAE845}.Debug|Any CPU.ActiveCfg = Debug|Any CPU
		{2549558B-D91F-49B7-AFA9-2AFC31EAE845}.Debug|Any CPU.Build.0 = Debug|Any CPU
		{2549558B-D91F-49B7-AFA9-2AFC31EAE845}.Release|Any CPU.ActiveCfg = Release|Any CPU
		{2549558B-D91F-49B7-AFA9-2AFC31EAE845}.Release|Any CPU.Build.0 = Release|Any CPU
		{BC015320-448E-4531-ADD8-10C94688FBA0}.Debug|Any CPU.ActiveCfg = Debug|Any CPU
		{BC015320-448E-4531-ADD8-10C94688FBA0}.Debug|Any CPU.Build.0 = Debug|Any CPU
		{BC015320-448E-4531-ADD8-10C94688FBA0}.Release|Any CPU.ActiveCfg = Release|Any CPU
		{BC015320-448E-4531-ADD8-10C94688FBA0}.Release|Any CPU.Build.0 = Release|Any CPU
		{8732B4BD-5AA0-40F9-A3F5-D558B92B554F}.Debug|Any CPU.ActiveCfg = Debug|Any CPU
		{8732B4BD-5AA0-40F9-A3F5-D558B92B554F}.Debug|Any CPU.Build.0 = Debug|Any CPU
		{8732B4BD-5AA0-40F9-A3F5-D558B92B554F}.Release|Any CPU.ActiveCfg = Release|Any CPU
		{8732B4BD-5AA0-40F9-A3F5-D558B92B554F}.Release|Any CPU.Build.0 = Release|Any CPU
		{459B03E1-BD5E-4259-A143-0FFB4C950122}.Debug|Any CPU.ActiveCfg = Debug|Any CPU
		{459B03E1-BD5E-4259-A143-0FFB4C950122}.Debug|Any CPU.Build.0 = Debug|Any CPU
		{459B03E1-BD5E-4259-A143-0FFB4C950122}.Release|Any CPU.ActiveCfg = Release|Any CPU
		{459B03E1-BD5E-4259-A143-0FFB4C950122}.Release|Any CPU.Build.0 = Release|Any CPU
		{3914478D-340E-41BA-B4A2-715CBE8A4FDE}.Debug|Any CPU.ActiveCfg = Debug|Any CPU
		{3914478D-340E-41BA-B4A2-715CBE8A4FDE}.Debug|Any CPU.Build.0 = Debug|Any CPU
		{3914478D-340E-41BA-B4A2-715CBE8A4FDE}.Release|Any CPU.ActiveCfg = Release|Any CPU
		{3914478D-340E-41BA-B4A2-715CBE8A4FDE}.Release|Any CPU.Build.0 = Release|Any CPU
		{6047F37B-338B-4FAC-95D0-A45F1FA12537}.Debug|Any CPU.ActiveCfg = Debug|Any CPU
		{6047F37B-338B-4FAC-95D0-A45F1FA12537}.Debug|Any CPU.Build.0 = Debug|Any CPU
		{6047F37B-338B-4FAC-95D0-A45F1FA12537}.Release|Any CPU.ActiveCfg = Release|Any CPU
		{6047F37B-338B-4FAC-95D0-A45F1FA12537}.Release|Any CPU.Build.0 = Release|Any CPU
		{E2E8850C-EE34-489E-8225-D8FD37759E8E}.Debug|Any CPU.ActiveCfg = Debug|Any CPU
		{E2E8850C-EE34-489E-8225-D8FD37759E8E}.Debug|Any CPU.Build.0 = Debug|Any CPU
		{E2E8850C-EE34-489E-8225-D8FD37759E8E}.Release|Any CPU.ActiveCfg = Release|Any CPU
		{E2E8850C-EE34-489E-8225-D8FD37759E8E}.Release|Any CPU.Build.0 = Release|Any CPU
		{CAFE2675-47BF-472F-BC35-0C2D6E4D75E5}.Debug|Any CPU.ActiveCfg = Debug|Any CPU
		{CAFE2675-47BF-472F-BC35-0C2D6E4D75E5}.Debug|Any CPU.Build.0 = Debug|Any CPU
		{CAFE2675-47BF-472F-BC35-0C2D6E4D75E5}.Release|Any CPU.ActiveCfg = Release|Any CPU
		{CAFE2675-47BF-472F-BC35-0C2D6E4D75E5}.Release|Any CPU.Build.0 = Release|Any CPU
		{14906ABE-E0A9-4E3F-A98E-42618CBAABAB}.Debug|Any CPU.ActiveCfg = Debug|Any CPU
		{14906ABE-E0A9-4E3F-A98E-42618CBAABAB}.Debug|Any CPU.Build.0 = Debug|Any CPU
		{14906ABE-E0A9-4E3F-A98E-42618CBAABAB}.Release|Any CPU.ActiveCfg = Release|Any CPU
		{14906ABE-E0A9-4E3F-A98E-42618CBAABAB}.Release|Any CPU.Build.0 = Release|Any CPU
		{73486296-BA0E-40F9-885C-5302F0593446}.Debug|Any CPU.ActiveCfg = Debug|Any CPU
		{73486296-BA0E-40F9-885C-5302F0593446}.Debug|Any CPU.Build.0 = Debug|Any CPU
		{73486296-BA0E-40F9-885C-5302F0593446}.Release|Any CPU.ActiveCfg = Release|Any CPU
		{73486296-BA0E-40F9-885C-5302F0593446}.Release|Any CPU.Build.0 = Release|Any CPU
		{8D031F82-A23F-4050-9501-7D2B8833300B}.Debug|Any CPU.ActiveCfg = Debug|Any CPU
		{8D031F82-A23F-4050-9501-7D2B8833300B}.Debug|Any CPU.Build.0 = Debug|Any CPU
		{8D031F82-A23F-4050-9501-7D2B8833300B}.Release|Any CPU.ActiveCfg = Release|Any CPU
		{8D031F82-A23F-4050-9501-7D2B8833300B}.Release|Any CPU.Build.0 = Release|Any CPU
		{A472D576-52F5-46D2-8952-552CD860AD68}.Debug|Any CPU.ActiveCfg = Debug|Any CPU
		{A472D576-52F5-46D2-8952-552CD860AD68}.Debug|Any CPU.Build.0 = Debug|Any CPU
		{A472D576-52F5-46D2-8952-552CD860AD68}.Release|Any CPU.ActiveCfg = Release|Any CPU
		{A472D576-52F5-46D2-8952-552CD860AD68}.Release|Any CPU.Build.0 = Release|Any CPU
		{4B067AC4-09F2-4732-A496-57056654CDE7}.Debug|Any CPU.ActiveCfg = Debug|Any CPU
		{4B067AC4-09F2-4732-A496-57056654CDE7}.Debug|Any CPU.Build.0 = Debug|Any CPU
		{4B067AC4-09F2-4732-A496-57056654CDE7}.Release|Any CPU.ActiveCfg = Release|Any CPU
		{4B067AC4-09F2-4732-A496-57056654CDE7}.Release|Any CPU.Build.0 = Release|Any CPU
	EndGlobalSection
	GlobalSection(SolutionProperties) = preSolution
		HideSolutionNode = FALSE
	EndGlobalSection
	GlobalSection(NestedProjects) = preSolution
		{C767EBC5-6266-4CDB-B045-5FF716533212} = {A0A63945-12FA-47E7-B5EB-4C963E352D5F}
		{E3AC1ADD-B49F-4389-8026-DEEB29953D97} = {A0A63945-12FA-47E7-B5EB-4C963E352D5F}
		{2549558B-D91F-49B7-AFA9-2AFC31EAE845} = {C767EBC5-6266-4CDB-B045-5FF716533212}
		{BC015320-448E-4531-ADD8-10C94688FBA0} = {E3AC1ADD-B49F-4389-8026-DEEB29953D97}
		{8732B4BD-5AA0-40F9-A3F5-D558B92B554F} = {C767EBC5-6266-4CDB-B045-5FF716533212}
		{459B03E1-BD5E-4259-A143-0FFB4C950122} = {C767EBC5-6266-4CDB-B045-5FF716533212}
		{3914478D-340E-41BA-B4A2-715CBE8A4FDE} = {C767EBC5-6266-4CDB-B045-5FF716533212}
		{6047F37B-338B-4FAC-95D0-A45F1FA12537} = {E3AC1ADD-B49F-4389-8026-DEEB29953D97}
		{E2E8850C-EE34-489E-8225-D8FD37759E8E} = {E3AC1ADD-B49F-4389-8026-DEEB29953D97}
		{CAFE2675-47BF-472F-BC35-0C2D6E4D75E5} = {E3AC1ADD-B49F-4389-8026-DEEB29953D97}
		{3C3C379D-E53B-4B52-ACDE-BD9DBFD41EFF} = {A0A63945-12FA-47E7-B5EB-4C963E352D5F}
		{14906ABE-E0A9-4E3F-A98E-42618CBAABAB} = {3C3C379D-E53B-4B52-ACDE-BD9DBFD41EFF}
		{73486296-BA0E-40F9-885C-5302F0593446} = {3C3C379D-E53B-4B52-ACDE-BD9DBFD41EFF}
		{8D031F82-A23F-4050-9501-7D2B8833300B} = {3C3C379D-E53B-4B52-ACDE-BD9DBFD41EFF}
		{A472D576-52F5-46D2-8952-552CD860AD68} = {3C3C379D-E53B-4B52-ACDE-BD9DBFD41EFF}
		{4B067AC4-09F2-4732-A496-57056654CDE7} = {A0A63945-12FA-47E7-B5EB-4C963E352D5F}
	EndGlobalSection
	GlobalSection(ExtensibilityGlobals) = postSolution
		SolutionGuid = {BCE72FB8-1123-4E2F-9F80-D30D311549B9}
	EndGlobalSection
EndGlobal
